
Microsoft Visual Studio Solution File, Format Version 12.00
# Visual Studio Version 17
VisualStudioVersion = 17.13.35825.156 d17.13
MinimumVisualStudioVersion = 10.0.40219.1
Project("{8BC9CEB8-8B4A-11D0-8D11-00A0C91BC942}") = "object", "object\object.vcxproj", "{35F69C9D-2B59-4740-A43F-100A6AA3A947}"
EndProject
Global
	GlobalSection(SolutionConfigurationPlatforms) = preSolution
		Debug|x64 = Debug|x64
		Debug|x86 = Debug|x86
		Release|x64 = Release|x64
		Release|x86 = Release|x86
	EndGlobalSection
	GlobalSection(ProjectConfigurationPlatforms) = postSolution
		{35F69C9D-2B59-4740-A43F-100A6AA3A947}.Debug|x64.ActiveCfg = Debug|x64
		{35F69C9D-2B59-4740-A43F-100A6AA3A947}.Debug|x64.Build.0 = Debug|x64
		{35F69C9D-2B59-4740-A43F-100A6AA3A947}.Debug|x86.ActiveCfg = Debug|Win32
		{35F69C9D-2B59-4740-A43F-100A6AA3A947}.Debug|x86.Build.0 = Debug|Win32
		{35F69C9D-2B59-4740-A43F-100A6AA3A947}.Release|x64.ActiveCfg = Release|x64
		{35F69C9D-2B59-4740-A43F-100A6AA3A947}.Release|x64.Build.0 = Release|x64
		{35F69C9D-2B59-4740-A43F-100A6AA3A947}.Release|x86.ActiveCfg = Release|Win32
		{35F69C9D-2B59-4740-A43F-100A6AA3A947}.Release|x86.Build.0 = Release|Win32
	EndGlobalSection
	GlobalSection(SolutionProperties) = preSolution
		HideSolutionNode = FALSE
	EndGlobalSection
	GlobalSection(ExtensibilityGlobals) = postSolution
		SolutionGuid = {DED080F9-8936-4009-AB6A-98AFF35B7CF8}
	EndGlobalSection
EndGlobal
